
Microsoft Visual Studio Solution File, Format Version 12.00
# Visual Studio Version 16
VisualStudioVersion = 16.0.31729.503
MinimumVisualStudioVersion = 10.0.40219.1
Project("{9A19103F-16F7-4668-BE54-9A1E7A4F7556}") = "PrimeNrApi", "PrimeNrApi.csproj", "{3A82B659-D2D4-4BAD-ABA8-D1D354986A94}"
EndProject
Project("{FAE04EC0-301F-11D3-BF4B-00C04F79EFBC}") = "PrimeNrApi.2", "..\PrimeNrApi.2\PrimeNrApi.2.csproj", "{34861BF4-99D5-4C27-A788-295A56D6B6C6}"
EndProject
Project("{FAE04EC0-301F-11D3-BF4B-00C04F79EFBC}") = "LoadBalancer", "..\LoadBalancer\LoadBalancer.csproj", "{D15F1F51-37A0-4591-B6E7-7BDB7489D402}"
EndProject
Global
	GlobalSection(SolutionConfigurationPlatforms) = preSolution
		Debug|Any CPU = Debug|Any CPU
		Release|Any CPU = Release|Any CPU
	EndGlobalSection
	GlobalSection(ProjectConfigurationPlatforms) = postSolution
		{3A82B659-D2D4-4BAD-ABA8-D1D354986A94}.Debug|Any CPU.ActiveCfg = Debug|Any CPU
		{3A82B659-D2D4-4BAD-ABA8-D1D354986A94}.Debug|Any CPU.Build.0 = Debug|Any CPU
		{3A82B659-D2D4-4BAD-ABA8-D1D354986A94}.Release|Any CPU.ActiveCfg = Release|Any CPU
		{3A82B659-D2D4-4BAD-ABA8-D1D354986A94}.Release|Any CPU.Build.0 = Release|Any CPU
		{34861BF4-99D5-4C27-A788-295A56D6B6C6}.Debug|Any CPU.ActiveCfg = Debug|Any CPU
		{34861BF4-99D5-4C27-A788-295A56D6B6C6}.Debug|Any CPU.Build.0 = Debug|Any CPU
		{34861BF4-99D5-4C27-A788-295A56D6B6C6}.Release|Any CPU.ActiveCfg = Release|Any CPU
		{34861BF4-99D5-4C27-A788-295A56D6B6C6}.Release|Any CPU.Build.0 = Release|Any CPU
		{D15F1F51-37A0-4591-B6E7-7BDB7489D402}.Debug|Any CPU.ActiveCfg = Debug|Any CPU
		{D15F1F51-37A0-4591-B6E7-7BDB7489D402}.Debug|Any CPU.Build.0 = Debug|Any CPU
		{D15F1F51-37A0-4591-B6E7-7BDB7489D402}.Release|Any CPU.ActiveCfg = Release|Any CPU
		{D15F1F51-37A0-4591-B6E7-7BDB7489D402}.Release|Any CPU.Build.0 = Release|Any CPU
	EndGlobalSection
	GlobalSection(SolutionProperties) = preSolution
		HideSolutionNode = FALSE
	EndGlobalSection
	GlobalSection(ExtensibilityGlobals) = postSolution
		SolutionGuid = {4657B6DD-0BA6-42FE-A582-8354CB0EFECE}
	EndGlobalSection
EndGlobal
